
Microsoft Visual Studio Solution File, Format Version 12.00
# Visual Studio Version 16
VisualStudioVersion = 16.0.31515.178
MinimumVisualStudioVersion = 10.0.40219.1
Project("{FAE04EC0-301F-11D3-BF4B-00C04F79EFBC}") = "PointCloudToggle", "PointCloudToggle\PointCloudToggle.csproj", "{26E291F5-8C05-4917-8840-FD8760C791BD}"
EndProject
Global
	GlobalSection(SolutionConfigurationPlatforms) = preSolution
		Debug|Any CPU = Debug|Any CPU
		Release|Any CPU = Release|Any CPU
	EndGlobalSection
	GlobalSection(ProjectConfigurationPlatforms) = postSolution
		{26E291F5-8C05-4917-8840-FD8760C791BD}.Debug|Any CPU.ActiveCfg = Debug|Any CPU
		{26E291F5-8C05-4917-8840-FD8760C791BD}.Debug|Any CPU.Build.0 = Debug|Any CPU
		{26E291F5-8C05-4917-8840-FD8760C791BD}.Release|Any CPU.ActiveCfg = Release|Any CPU
		{26E291F5-8C05-4917-8840-FD8760C791BD}.Release|Any CPU.Build.0 = Release|Any CPU
	EndGlobalSection
	GlobalSection(SolutionProperties) = preSolution
		HideSolutionNode = FALSE
	EndGlobalSection
	GlobalSection(ExtensibilityGlobals) = postSolution
		SolutionGuid = {C5F2DEBC-A181-4864-928E-5EF6E979EC96}
	EndGlobalSection
EndGlobal
